
Microsoft Visual Studio Solution File, Format Version 12.00
# Visual Studio Version 17
VisualStudioVersion = 17.11.35327.3
MinimumVisualStudioVersion = 10.0.40219.1
Project("{8BC9CEB8-8B4A-11D0-8D11-00A0C91BC942}") = "SandBox", "SandBox\SandBox.vcxproj", "{F2C5337D-39C3-47EA-9C3E-FDBA4D57C949}"
EndProject
Project("{8BC9CEB8-8B4A-11D0-8D11-00A0C91BC942}") = "Hazel", "Hazel\Hazel.vcxproj", "{9E1A28D9-46F3-4312-A693-885D28D45F8D}"
EndProject
Global
	GlobalSection(SolutionConfigurationPlatforms) = preSolution
		Debug|x64 = Debug|x64
		Release|x64 = Release|x64
	EndGlobalSection
	GlobalSection(ProjectConfigurationPlatforms) = postSolution
		{9E1A28D9-46F3-4312-A693-885D28D45F8D}.Debug|x64.ActiveCfg = Debug|x64
		{9E1A28D9-46F3-4312-A693-885D28D45F8D}.Debug|x64.Build.0 = Debug|x64
		{9E1A28D9-46F3-4312-A693-885D28D45F8D}.Release|x64.ActiveCfg = Release|x64
		{9E1A28D9-46F3-4312-A693-885D28D45F8D}.Release|x64.Build.0 = Release|x64
		{F2C5337D-39C3-47EA-9C3E-FDBA4D57C949}.Debug|x64.ActiveCfg = Debug|x64
		{F2C5337D-39C3-47EA-9C3E-FDBA4D57C949}.Debug|x64.Build.0 = Debug|x64
		{F2C5337D-39C3-47EA-9C3E-FDBA4D57C949}.Release|x64.ActiveCfg = Release|x64
		{F2C5337D-39C3-47EA-9C3E-FDBA4D57C949}.Release|x64.Build.0 = Release|x64
	EndGlobalSection
	GlobalSection(SolutionProperties) = preSolution
		HideSolutionNode = FALSE
	EndGlobalSection
	GlobalSection(ExtensibilityGlobals) = postSolution
		SolutionGuid = {55C33D14-50E3-4552-88B3-2400D5DA5716}
	EndGlobalSection
EndGlobal
